
Microsoft Visual Studio Solution File, Format Version 12.00
# Visual Studio Version 17
VisualStudioVersion = 17.10.34928.147
MinimumVisualStudioVersion = 10.0.40219.1
Project("{FAE04EC0-301F-11D3-BF4B-00C04F79EFBC}") = "BookBud.Server", "BookBud.Server\BookBud.Server.csproj", "{90D4C2C0-2A11-4EE2-B9B4-B961526863A6}"
EndProject
Project("{54A90642-561A-4BB1-A94E-469ADEE60C69}") = "bookbud.client", "bookbud.client\bookbud.client.esproj", "{A4E1CED3-5440-4341-8A51-AEEDB9B979A0}"
EndProject
Project("{FAE04EC0-301F-11D3-BF4B-00C04F79EFBC}") = "BookBud.Server.Tests", "BookBud.Server.Tests\BookBud.Server.Tests.csproj", "{3433C930-8E3C-3431-BD43-6126A7CE340C}"
EndProject
Global
	GlobalSection(SolutionConfigurationPlatforms) = preSolution
		Debug|Any CPU = Debug|Any CPU
		Release|Any CPU = Release|Any CPU
	EndGlobalSection
	GlobalSection(ProjectConfigurationPlatforms) = postSolution
		{90D4C2C0-2A11-4EE2-B9B4-B961526863A6}.Debug|Any CPU.ActiveCfg = Debug|Any CPU
		{90D4C2C0-2A11-4EE2-B9B4-B961526863A6}.Debug|Any CPU.Build.0 = Debug|Any CPU
		{90D4C2C0-2A11-4EE2-B9B4-B961526863A6}.Release|Any CPU.ActiveCfg = Release|Any CPU
		{90D4C2C0-2A11-4EE2-B9B4-B961526863A6}.Release|Any CPU.Build.0 = Release|Any CPU
		{A4E1CED3-5440-4341-8A51-AEEDB9B979A0}.Debug|Any CPU.ActiveCfg = Debug|Any CPU
		{A4E1CED3-5440-4341-8A51-AEEDB9B979A0}.Debug|Any CPU.Build.0 = Debug|Any CPU
		{A4E1CED3-5440-4341-8A51-AEEDB9B979A0}.Debug|Any CPU.Deploy.0 = Debug|Any CPU
		{A4E1CED3-5440-4341-8A51-AEEDB9B979A0}.Release|Any CPU.ActiveCfg = Release|Any CPU
		{A4E1CED3-5440-4341-8A51-AEEDB9B979A0}.Release|Any CPU.Build.0 = Release|Any CPU
		{A4E1CED3-5440-4341-8A51-AEEDB9B979A0}.Release|Any CPU.Deploy.0 = Release|Any CPU
		{3433C930-8E3C-3431-BD43-6126A7CE340C}.Debug|Any CPU.ActiveCfg = Debug|Any CPU
		{3433C930-8E3C-3431-BD43-6126A7CE340C}.Debug|Any CPU.Build.0 = Debug|Any CPU
		{3433C930-8E3C-3431-BD43-6126A7CE340C}.Release|Any CPU.ActiveCfg = Release|Any CPU
		{3433C930-8E3C-3431-BD43-6126A7CE340C}.Release|Any CPU.Build.0 = Release|Any CPU
	EndGlobalSection
	GlobalSection(SolutionProperties) = preSolution
		HideSolutionNode = FALSE
	EndGlobalSection
	GlobalSection(ExtensibilityGlobals) = postSolution
		SolutionGuid = {AAD74078-AECA-4620-B156-0A480E4C735B}
	EndGlobalSection
EndGlobal
